
Microsoft Visual Studio Solution File, Format Version 12.00
# Visual Studio Version 17
VisualStudioVersion = 17.1.32421.90
MinimumVisualStudioVersion = 10.0.40219.1
Project("{FAE04EC0-301F-11D3-BF4B-00C04F79EFBC}") = "AppRedarbor.UWP", "AppRedarbor.UWP\AppRedarbor.UWP.csproj", "{BE810836-39E5-4C55-A591-90D174E09764}"
EndProject
Project("{FAE04EC0-301F-11D3-BF4B-00C04F79EFBC}") = "AppRedarbor.Android", "AppRedarbor.Android\AppRedarbor.Android.csproj", "{5397844F-A7B4-4BD4-B3F7-AE2DA7C377C1}"
EndProject
Project("{FAE04EC0-301F-11D3-BF4B-00C04F79EFBC}") = "AppRedarbor.iOS", "AppRedarbor.iOS\AppRedarbor.iOS.csproj", "{52FDCB70-1497-4221-96AA-162BAC75B68F}"
EndProject
Project("{9A19103F-16F7-4668-BE54-9A1E7A4F7556}") = "AppRedarbor", "AppRedarbor\AppRedarbor.csproj", "{FE1B59CE-1FC2-4376-97D5-566EF675282D}"
EndProject
Global
	GlobalSection(SolutionConfigurationPlatforms) = preSolution
		Debug|Any CPU = Debug|Any CPU
		Debug|ARM = Debug|ARM
		Debug|iPhone = Debug|iPhone
		Debug|iPhoneSimulator = Debug|iPhoneSimulator
		Debug|x64 = Debug|x64
		Debug|x86 = Debug|x86
		Release|Any CPU = Release|Any CPU
		Release|ARM = Release|ARM
		Release|iPhone = Release|iPhone
		Release|iPhoneSimulator = Release|iPhoneSimulator
		Release|x64 = Release|x64
		Release|x86 = Release|x86
	EndGlobalSection
	GlobalSection(ProjectConfigurationPlatforms) = postSolution
		{BE810836-39E5-4C55-A591-90D174E09764}.Debug|Any CPU.ActiveCfg = Debug|x64
		{BE810836-39E5-4C55-A591-90D174E09764}.Debug|Any CPU.Build.0 = Debug|x64
		{BE810836-39E5-4C55-A591-90D174E09764}.Debug|Any CPU.Deploy.0 = Debug|x64
		{BE810836-39E5-4C55-A591-90D174E09764}.Debug|ARM.ActiveCfg = Debug|ARM
		{BE810836-39E5-4C55-A591-90D174E09764}.Debug|ARM.Build.0 = Debug|ARM
		{BE810836-39E5-4C55-A591-90D174E09764}.Debug|ARM.Deploy.0 = Debug|ARM
		{BE810836-39E5-4C55-A591-90D174E09764}.Debug|iPhone.ActiveCfg = Debug|x64
		{BE810836-39E5-4C55-A591-90D174E09764}.Debug|iPhone.Build.0 = Debug|x64
		{BE810836-39E5-4C55-A591-90D174E09764}.Debug|iPhone.Deploy.0 = Debug|x64
		{BE810836-39E5-4C55-A591-90D174E09764}.Debug|iPhoneSimulator.ActiveCfg = Debug|x64
		{BE810836-39E5-4C55-A591-90D174E09764}.Debug|iPhoneSimulator.Build.0 = Debug|x64
		{BE810836-39E5-4C55-A591-90D174E09764}.Debug|iPhoneSimulator.Deploy.0 = Debug|x64
		{BE810836-39E5-4C55-A591-90D174E09764}.Debug|x64.ActiveCfg = Debug|x64
		{BE810836-39E5-4C55-A591-90D174E09764}.Debug|x64.Build.0 = Debug|x64
		{BE810836-39E5-4C55-A591-90D174E09764}.Debug|x64.Deploy.0 = Debug|x64
		{BE810836-39E5-4C55-A591-90D174E09764}.Debug|x86.ActiveCfg = Debug|x86
		{BE810836-39E5-4C55-A591-90D174E09764}.Debug|x86.Build.0 = Debug|x86
		{BE810836-39E5-4C55-A591-90D174E09764}.Debug|x86.Deploy.0 = Debug|x86
		{BE810836-39E5-4C55-A591-90D174E09764}.Release|Any CPU.ActiveCfg = Release|x64
		{BE810836-39E5-4C55-A591-90D174E09764}.Release|Any CPU.Build.0 = Release|x64
		{BE810836-39E5-4C55-A591-90D174E09764}.Release|Any CPU.Deploy.0 = Release|x64
		{BE810836-39E5-4C55-A591-90D174E09764}.Release|ARM.ActiveCfg = Release|ARM
		{BE810836-39E5-4C55-A591-90D174E09764}.Release|ARM.Build.0 = Release|ARM
		{BE810836-39E5-4C55-A591-90D174E09764}.Release|ARM.Deploy.0 = Release|ARM
		{BE810836-39E5-4C55-A591-90D174E09764}.Release|iPhone.ActiveCfg = Release|x64
		{BE810836-39E5-4C55-A591-90D174E09764}.Release|iPhone.Build.0 = Release|x64
		{BE810836-39E5-4C55-A591-90D174E09764}.Release|iPhone.Deploy.0 = Release|x64
		{BE810836-39E5-4C55-A591-90D174E09764}.Release|iPhoneSimulator.ActiveCfg = Release|x64
		{BE810836-39E5-4C55-A591-90D174E09764}.Release|iPhoneSimulator.Build.0 = Release|x64
		{BE810836-39E5-4C55-A591-90D174E09764}.Release|iPhoneSimulator.Deploy.0 = Release|x64
		{BE810836-39E5-4C55-A591-90D174E09764}.Release|x64.ActiveCfg = Release|x64
		{BE810836-39E5-4C55-A591-90D174E09764}.Release|x64.Build.0 = Release|x64
		{BE810836-39E5-4C55-A591-90D174E09764}.Release|x64.Deploy.0 = Release|x64
		{BE810836-39E5-4C55-A591-90D174E09764}.Release|x86.ActiveCfg = Release|x86
		{BE810836-39E5-4C55-A591-90D174E09764}.Release|x86.Build.0 = Release|x86
		{BE810836-39E5-4C55-A591-90D174E09764}.Release|x86.Deploy.0 = Release|x86
		{5397844F-A7B4-4BD4-B3F7-AE2DA7C377C1}.Debug|Any CPU.ActiveCfg = Debug|Any CPU
		{5397844F-A7B4-4BD4-B3F7-AE2DA7C377C1}.Debug|Any CPU.Build.0 = Debug|Any CPU
		{5397844F-A7B4-4BD4-B3F7-AE2DA7C377C1}.Debug|Any CPU.Deploy.0 = Debug|Any CPU
		{5397844F-A7B4-4BD4-B3F7-AE2DA7C377C1}.Debug|ARM.ActiveCfg = Debug|Any CPU
		{5397844F-A7B4-4BD4-B3F7-AE2DA7C377C1}.Debug|ARM.Build.0 = Debug|Any CPU
		{5397844F-A7B4-4BD4-B3F7-AE2DA7C377C1}.Debug|ARM.Deploy.0 = Debug|Any CPU
		{5397844F-A7B4-4BD4-B3F7-AE2DA7C377C1}.Debug|iPhone.ActiveCfg = Debug|Any CPU
		{5397844F-A7B4-4BD4-B3F7-AE2DA7C377C1}.Debug|iPhone.Build.0 = Debug|Any CPU
		{5397844F-A7B4-4BD4-B3F7-AE2DA7C377C1}.Debug|iPhone.Deploy.0 = Debug|Any CPU
		{5397844F-A7B4-4BD4-B3F7-AE2DA7C377C1}.Debug|iPhoneSimulator.ActiveCfg = Debug|Any CPU
		{5397844F-A7B4-4BD4-B3F7-AE2DA7C377C1}.Debug|iPhoneSimulator.Build.0 = Debug|Any CPU
		{5397844F-A7B4-4BD4-B3F7-AE2DA7C377C1}.Debug|iPhoneSimulator.Deploy.0 = Debug|Any CPU
		{5397844F-A7B4-4BD4-B3F7-AE2DA7C377C1}.Debug|x64.ActiveCfg = Debug|Any CPU
		{5397844F-A7B4-4BD4-B3F7-AE2DA7C377C1}.Debug|x64.Build.0 = Debug|Any CPU
		{5397844F-A7B4-4BD4-B3F7-AE2DA7C377C1}.Debug|x64.Deploy.0 = Debug|Any CPU
		{5397844F-A7B4-4BD4-B3F7-AE2DA7C377C1}.Debug|x86.ActiveCfg = Debug|Any CPU
		{5397844F-A7B4-4BD4-B3F7-AE2DA7C377C1}.Debug|x86.Build.0 = Debug|Any CPU
		{5397844F-A7B4-4BD4-B3F7-AE2DA7C377C1}.Debug|x86.Deploy.0 = Debug|Any CPU
		{5397844F-A7B4-4BD4-B3F7-AE2DA7C377C1}.Release|Any CPU.ActiveCfg = Release|Any CPU
		{5397844F-A7B4-4BD4-B3F7-AE2DA7C377C1}.Release|Any CPU.Build.0 = Release|Any CPU
		{5397844F-A7B4-4BD4-B3F7-AE2DA7C377C1}.Release|Any CPU.Deploy.0 = Release|Any CPU
		{5397844F-A7B4-4BD4-B3F7-AE2DA7C377C1}.Release|ARM.ActiveCfg = Release|Any CPU
		{5397844F-A7B4-4BD4-B3F7-AE2DA7C377C1}.Release|ARM.Build.0 = Release|Any CPU
		{5397844F-A7B4-4BD4-B3F7-AE2DA7C377C1}.Release|ARM.Deploy.0 = Release|Any CPU
		{5397844F-A7B4-4BD4-B3F7-AE2DA7C377C1}.Release|iPhone.ActiveCfg = Release|Any CPU
		{5397844F-A7B4-4BD4-B3F7-AE2DA7C377C1}.Release|iPhone.Build.0 = Release|Any CPU
		{5397844F-A7B4-4BD4-B3F7-AE2DA7C377C1}.Release|iPhone.Deploy.0 = Release|Any CPU
		{5397844F-A7B4-4BD4-B3F7-AE2DA7C377C1}.Release|iPhoneSimulator.ActiveCfg = Release|Any CPU
		{5397844F-A7B4-4BD4-B3F7-AE2DA7C377C1}.Release|iPhoneSimulator.Build.0 = Release|Any CPU
		{5397844F-A7B4-4BD4-B3F7-AE2DA7C377C1}.Release|iPhoneSimulator.Deploy.0 = Release|Any CPU
		{5397844F-A7B4-4BD4-B3F7-AE2DA7C377C1}.Release|x64.ActiveCfg = Release|Any CPU
		{5397844F-A7B4-4BD4-B3F7-AE2DA7C377C1}.Release|x64.Build.0 = Release|Any CPU
		{5397844F-A7B4-4BD4-B3F7-AE2DA7C377C1}.Release|x64.Deploy.0 = Release|Any CPU
		{5397844F-A7B4-4BD4-B3F7-AE2DA7C377C1}.Release|x86.ActiveCfg = Release|Any CPU
		{5397844F-A7B4-4BD4-B3F7-AE2DA7C377C1}.Release|x86.Build.0 = Release|Any CPU
		{5397844F-A7B4-4BD4-B3F7-AE2DA7C377C1}.Release|x86.Deploy.0 = Release|Any CPU
		{52FDCB70-1497-4221-96AA-162BAC75B68F}.Debug|Any CPU.ActiveCfg = Debug|iPhoneSimulator
		{52FDCB70-1497-4221-96AA-162BAC75B68F}.Debug|Any CPU.Build.0 = Debug|iPhoneSimulator
		{52FDCB70-1497-4221-96AA-162BAC75B68F}.Debug|Any CPU.Deploy.0 = Debug|iPhoneSimulator
		{52FDCB70-1497-4221-96AA-162BAC75B68F}.Debug|ARM.ActiveCfg = Debug|iPhoneSimulator
		{52FDCB70-1497-4221-96AA-162BAC75B68F}.Debug|ARM.Build.0 = Debug|iPhoneSimulator
		{52FDCB70-1497-4221-96AA-162BAC75B68F}.Debug|ARM.Deploy.0 = Debug|iPhoneSimulator
		{52FDCB70-1497-4221-96AA-162BAC75B68F}.Debug|iPhone.ActiveCfg = Debug|iPhone
		{52FDCB70-1497-4221-96AA-162BAC75B68F}.Debug|iPhone.Build.0 = Debug|iPhone
		{52FDCB70-1497-4221-96AA-162BAC75B68F}.Debug|iPhone.Deploy.0 = Debug|iPhone
		{52FDCB70-1497-4221-96AA-162BAC75B68F}.Debug|iPhoneSimulator.ActiveCfg = Debug|iPhoneSimulator
		{52FDCB70-1497-4221-96AA-162BAC75B68F}.Debug|iPhoneSimulator.Build.0 = Debug|iPhoneSimulator
		{52FDCB70-1497-4221-96AA-162BAC75B68F}.Debug|iPhoneSimulator.Deploy.0 = Debug|iPhoneSimulator
		{52FDCB70-1497-4221-96AA-162BAC75B68F}.Debug|x64.ActiveCfg = Debug|iPhone
		{52FDCB70-1497-4221-96AA-162BAC75B68F}.Debug|x64.Build.0 = Debug|iPhone
		{52FDCB70-1497-4221-96AA-162BAC75B68F}.Debug|x64.Deploy.0 = Debug|iPhone
		{52FDCB70-1497-4221-96AA-162BAC75B68F}.Debug|x86.ActiveCfg = Debug|iPhoneSimulator
		{52FDCB70-1497-4221-96AA-162BAC75B68F}.Debug|x86.Build.0 = Debug|iPhoneSimulator
		{52FDCB70-1497-4221-96AA-162BAC75B68F}.Debug|x86.Deploy.0 = Debug|iPhoneSimulator
		{52FDCB70-1497-4221-96AA-162BAC75B68F}.Release|Any CPU.ActiveCfg = Release|iPhoneSimulator
		{52FDCB70-1497-4221-96AA-162BAC75B68F}.Release|Any CPU.Build.0 = Release|iPhoneSimulator
		{52FDCB70-1497-4221-96AA-162BAC75B68F}.Release|Any CPU.Deploy.0 = Release|iPhoneSimulator
		{52FDCB70-1497-4221-96AA-162BAC75B68F}.Release|ARM.ActiveCfg = Release|iPhoneSimulator
		{52FDCB70-1497-4221-96AA-162BAC75B68F}.Release|ARM.Build.0 = Release|iPhoneSimulator
		{52FDCB70-1497-4221-96AA-162BAC75B68F}.Release|ARM.Deploy.0 = Release|iPhoneSimulator
		{52FDCB70-1497-4221-96AA-162BAC75B68F}.Release|iPhone.ActiveCfg = Release|iPhone
		{52FDCB70-1497-4221-96AA-162BAC75B68F}.Release|iPhone.Build.0 = Release|iPhone
		{52FDCB70-1497-4221-96AA-162BAC75B68F}.Release|iPhone.Deploy.0 = Release|iPhone
		{52FDCB70-1497-4221-96AA-162BAC75B68F}.Release|iPhoneSimulator.ActiveCfg = Release|iPhoneSimulator
		{52FDCB70-1497-4221-96AA-162BAC75B68F}.Release|iPhoneSimulator.Build.0 = Release|iPhoneSimulator
		{52FDCB70-1497-4221-96AA-162BAC75B68F}.Release|iPhoneSimulator.Deploy.0 = Release|iPhoneSimulator
		{52FDCB70-1497-4221-96AA-162BAC75B68F}.Release|x64.ActiveCfg = Release|iPhoneSimulator
		{52FDCB70-1497-4221-96AA-162BAC75B68F}.Release|x64.Build.0 = Release|iPhoneSimulator
		{52FDCB70-1497-4221-96AA-162BAC75B68F}.Release|x64.Deploy.0 = Release|iPhoneSimulator
		{52FDCB70-1497-4221-96AA-162BAC75B68F}.Release|x86.ActiveCfg = Release|iPhoneSimulator
		{52FDCB70-1497-4221-96AA-162BAC75B68F}.Release|x86.Build.0 = Release|iPhoneSimulator
		{52FDCB70-1497-4221-96AA-162BAC75B68F}.Release|x86.Deploy.0 = Release|iPhoneSimulator
		{FE1B59CE-1FC2-4376-97D5-566EF675282D}.Debug|Any CPU.ActiveCfg = Debug|Any CPU
		{FE1B59CE-1FC2-4376-97D5-566EF675282D}.Debug|Any CPU.Build.0 = Debug|Any CPU
		{FE1B59CE-1FC2-4376-97D5-566EF675282D}.Debug|Any CPU.Deploy.0 = Debug|Any CPU
		{FE1B59CE-1FC2-4376-97D5-566EF675282D}.Debug|ARM.ActiveCfg = Debug|Any CPU
		{FE1B59CE-1FC2-4376-97D5-566EF675282D}.Debug|ARM.Build.0 = Debug|Any CPU
		{FE1B59CE-1FC2-4376-97D5-566EF675282D}.Debug|ARM.Deploy.0 = Debug|Any CPU
		{FE1B59CE-1FC2-4376-97D5-566EF675282D}.Debug|iPhone.ActiveCfg = Debug|Any CPU
		{FE1B59CE-1FC2-4376-97D5-566EF675282D}.Debug|iPhone.Build.0 = Debug|Any CPU
		{FE1B59CE-1FC2-4376-97D5-566EF675282D}.Debug|iPhone.Deploy.0 = Debug|Any CPU
		{FE1B59CE-1FC2-4376-97D5-566EF675282D}.Debug|iPhoneSimulator.ActiveCfg = Debug|Any CPU
		{FE1B59CE-1FC2-4376-97D5-566EF675282D}.Debug|iPhoneSimulator.Build.0 = Debug|Any CPU
		{FE1B59CE-1FC2-4376-97D5-566EF675282D}.Debug|iPhoneSimulator.Deploy.0 = Debug|Any CPU
		{FE1B59CE-1FC2-4376-97D5-566EF675282D}.Debug|x64.ActiveCfg = Debug|Any CPU
		{FE1B59CE-1FC2-4376-97D5-566EF675282D}.Debug|x64.Build.0 = Debug|Any CPU
		{FE1B59CE-1FC2-4376-97D5-566EF675282D}.Debug|x64.Deploy.0 = Debug|Any CPU
		{FE1B59CE-1FC2-4376-97D5-566EF675282D}.Debug|x86.ActiveCfg = Debug|Any CPU
		{FE1B59CE-1FC2-4376-97D5-566EF675282D}.Debug|x86.Build.0 = Debug|Any CPU
		{FE1B59CE-1FC2-4376-97D5-566EF675282D}.Debug|x86.Deploy.0 = Debug|Any CPU
		{FE1B59CE-1FC2-4376-97D5-566EF675282D}.Release|Any CPU.ActiveCfg = Release|Any CPU
		{FE1B59CE-1FC2-4376-97D5-566EF675282D}.Release|Any CPU.Build.0 = Release|Any CPU
		{FE1B59CE-1FC2-4376-97D5-566EF675282D}.Release|Any CPU.Deploy.0 = Release|Any CPU
		{FE1B59CE-1FC2-4376-97D5-566EF675282D}.Release|ARM.ActiveCfg = Release|Any CPU
		{FE1B59CE-1FC2-4376-97D5-566EF675282D}.Release|ARM.Build.0 = Release|Any CPU
		{FE1B59CE-1FC2-4376-97D5-566EF675282D}.Release|ARM.Deploy.0 = Release|Any CPU
		{FE1B59CE-1FC2-4376-97D5-566EF675282D}.Release|iPhone.ActiveCfg = Release|Any CPU
		{FE1B59CE-1FC2-4376-97D5-566EF675282D}.Release|iPhone.Build.0 = Release|Any CPU
		{FE1B59CE-1FC2-4376-97D5-566EF675282D}.Release|iPhone.Deploy.0 = Release|Any CPU
		{FE1B59CE-1FC2-4376-97D5-566EF675282D}.Release|iPhoneSimulator.ActiveCfg = Release|Any CPU
		{FE1B59CE-1FC2-4376-97D5-566EF675282D}.Release|iPhoneSimulator.Build.0 = Release|Any CPU
		{FE1B59CE-1FC2-4376-97D5-566EF675282D}.Release|iPhoneSimulator.Deploy.0 = Release|Any CPU
		{FE1B59CE-1FC2-4376-97D5-566EF675282D}.Release|x64.ActiveCfg = Release|Any CPU
		{FE1B59CE-1FC2-4376-97D5-566EF675282D}.Release|x64.Build.0 = Release|Any CPU
		{FE1B59CE-1FC2-4376-97D5-566EF675282D}.Release|x64.Deploy.0 = Release|Any CPU
		{FE1B59CE-1FC2-4376-97D5-566EF675282D}.Release|x86.ActiveCfg = Release|Any CPU
		{FE1B59CE-1FC2-4376-97D5-566EF675282D}.Release|x86.Build.0 = Release|Any CPU
		{FE1B59CE-1FC2-4376-97D5-566EF675282D}.Release|x86.Deploy.0 = Release|Any CPU
	EndGlobalSection
	GlobalSection(SolutionProperties) = preSolution
		HideSolutionNode = FALSE
	EndGlobalSection
	GlobalSection(ExtensibilityGlobals) = postSolution
		SolutionGuid = {37938184-8D77-4D59-85D2-6D6CEB57FB06}
	EndGlobalSection
EndGlobal
